
Microsoft Visual Studio Solution File, Format Version 12.00
# Visual Studio Version 17
VisualStudioVersion = 17.12.35527.113
MinimumVisualStudioVersion = 10.0.40219.1
Project("{FAE04EC0-301F-11D3-BF4B-00C04F79EFBC}") = "RFGR.SaveEditor", "src\RFGR.SaveEditor.csproj", "{1D1C6FEC-C276-4E0B-8046-5D941A6BACFE}"
EndProject
Project("{FAE04EC0-301F-11D3-BF4B-00C04F79EFBC}") = "RFGM.Formats", "..\RFGM.Formats\RFGM.Formats\RFGM.Formats.csproj", "{16F94B4A-BA6E-46E6-9861-3808FE6411B5}"
EndProject
Global
	GlobalSection(SolutionConfigurationPlatforms) = preSolution
		Debug|Any CPU = Debug|Any CPU
		Release|Any CPU = Release|Any CPU
	EndGlobalSection
	GlobalSection(ProjectConfigurationPlatforms) = postSolution
		{1D1C6FEC-C276-4E0B-8046-5D941A6BACFE}.Debug|Any CPU.ActiveCfg = Debug|Any CPU
		{1D1C6FEC-C276-4E0B-8046-5D941A6BACFE}.Debug|Any CPU.Build.0 = Debug|Any CPU
		{1D1C6FEC-C276-4E0B-8046-5D941A6BACFE}.Release|Any CPU.ActiveCfg = Release|Any CPU
		{1D1C6FEC-C276-4E0B-8046-5D941A6BACFE}.Release|Any CPU.Build.0 = Release|Any CPU
		{16F94B4A-BA6E-46E6-9861-3808FE6411B5}.Debug|Any CPU.ActiveCfg = Debug|Any CPU
		{16F94B4A-BA6E-46E6-9861-3808FE6411B5}.Debug|Any CPU.Build.0 = Debug|Any CPU
		{16F94B4A-BA6E-46E6-9861-3808FE6411B5}.Release|Any CPU.ActiveCfg = Release|Any CPU
		{16F94B4A-BA6E-46E6-9861-3808FE6411B5}.Release|Any CPU.Build.0 = Release|Any CPU
	EndGlobalSection
	GlobalSection(SolutionProperties) = preSolution
		HideSolutionNode = FALSE
	EndGlobalSection
EndGlobal
